
Microsoft Visual Studio Solution File, Format Version 12.00
# Visual Studio Version 17
VisualStudioVersion = 17.9.34616.47
MinimumVisualStudioVersion = 10.0.40219.1
Project("{FAE04EC0-301F-11D3-BF4B-00C04F79EFBC}") = "FlowingIdeaApp", "FlowingIdeaApp\FlowingIdeaApp.csproj", "{3924DAB2-DF86-4172-BF85-CB219D41B122}"
EndProject
Project("{FAE04EC0-301F-11D3-BF4B-00C04F79EFBC}") = "Business", "Business\Business.csproj", "{4ED7EAE7-1F27-498A-B424-5FF0F78AAE71}"
EndProject
Project("{FAE04EC0-301F-11D3-BF4B-00C04F79EFBC}") = "Data", "Data\Data.csproj", "{7C387B4E-DE16-48A2-823D-ABC6FB915DBB}"
EndProject
Project("{FAE04EC0-301F-11D3-BF4B-00C04F79EFBC}") = "FlowingIdeaTest", "FlowingIdeaTest\FlowingIdeaTest.csproj", "{ACB3CA82-225C-47BF-81D5-015E0E84DCE4}"
EndProject
Global
	GlobalSection(SolutionConfigurationPlatforms) = preSolution
		Debug|Any CPU = Debug|Any CPU
		Release|Any CPU = Release|Any CPU
	EndGlobalSection
	GlobalSection(ProjectConfigurationPlatforms) = postSolution
		{3924DAB2-DF86-4172-BF85-CB219D41B122}.Debug|Any CPU.ActiveCfg = Debug|Any CPU
		{3924DAB2-DF86-4172-BF85-CB219D41B122}.Debug|Any CPU.Build.0 = Debug|Any CPU
		{3924DAB2-DF86-4172-BF85-CB219D41B122}.Release|Any CPU.ActiveCfg = Release|Any CPU
		{3924DAB2-DF86-4172-BF85-CB219D41B122}.Release|Any CPU.Build.0 = Release|Any CPU
		{4ED7EAE7-1F27-498A-B424-5FF0F78AAE71}.Debug|Any CPU.ActiveCfg = Debug|Any CPU
		{4ED7EAE7-1F27-498A-B424-5FF0F78AAE71}.Debug|Any CPU.Build.0 = Debug|Any CPU
		{4ED7EAE7-1F27-498A-B424-5FF0F78AAE71}.Release|Any CPU.ActiveCfg = Release|Any CPU
		{4ED7EAE7-1F27-498A-B424-5FF0F78AAE71}.Release|Any CPU.Build.0 = Release|Any CPU
		{7C387B4E-DE16-48A2-823D-ABC6FB915DBB}.Debug|Any CPU.ActiveCfg = Debug|Any CPU
		{7C387B4E-DE16-48A2-823D-ABC6FB915DBB}.Debug|Any CPU.Build.0 = Debug|Any CPU
		{7C387B4E-DE16-48A2-823D-ABC6FB915DBB}.Release|Any CPU.ActiveCfg = Release|Any CPU
		{7C387B4E-DE16-48A2-823D-ABC6FB915DBB}.Release|Any CPU.Build.0 = Release|Any CPU
		{ACB3CA82-225C-47BF-81D5-015E0E84DCE4}.Debug|Any CPU.ActiveCfg = Debug|Any CPU
		{ACB3CA82-225C-47BF-81D5-015E0E84DCE4}.Debug|Any CPU.Build.0 = Debug|Any CPU
		{ACB3CA82-225C-47BF-81D5-015E0E84DCE4}.Release|Any CPU.ActiveCfg = Release|Any CPU
		{ACB3CA82-225C-47BF-81D5-015E0E84DCE4}.Release|Any CPU.Build.0 = Release|Any CPU
	EndGlobalSection
	GlobalSection(SolutionProperties) = preSolution
		HideSolutionNode = FALSE
	EndGlobalSection
	GlobalSection(ExtensibilityGlobals) = postSolution
		SolutionGuid = {B205E522-3499-49BE-860F-21B39CBB53DB}
	EndGlobalSection
EndGlobal
